// !$*UTF8*$!
{
	archiveVersion = 1;
	classes = {
	};
	objectVersion = 77;
	objects = {

/* Begin PBXBuildFile section */
		484A34912E32E8B100020B84 /* SwiftData.framework in Frameworks */ = {isa = PBXBuildFile; fileRef = 484A34902E32E8B100020B84 /* SwiftData.framework */; };
		484A34932E32E8BC00020B84 /* MapKit.framework in Frameworks */ = {isa = PBXBuildFile; fileRef = 484A34922E32E8BC00020B84 /* MapKit.framework */; };
		484A34952E32E8C400020B84 /* CoreML.framework in Frameworks */ = {isa = PBXBuildFile; fileRef = 484A34942E32E8C400020B84 /* CoreML.framework */; };
		484A34972E32E8D400020B84 /* Accelerate.framework in Frameworks */ = {isa = PBXBuildFile; fileRef = 484A34962E32E8D400020B84 /* Accelerate.framework */; };
/* End PBXBuildFile section */

/* Begin PBXContainerItemProxy section */
		484A34702E32E81600020B84 /* PBXContainerItemProxy */ = {
			isa = PBXContainerItemProxy;
			containerPortal = 484A34582E32E81500020B84 /* Project object */;
			proxyType = 1;
			remoteGlobalIDString = 484A345F2E32E81500020B84;
			remoteInfo = Bridget;
		};
		484A347A2E32E81600020B84 /* PBXContainerItemProxy */ = {
			isa = PBXContainerItemProxy;
			containerPortal = 484A34582E32E81500020B84 /* Project object */;
			proxyType = 1;
			remoteGlobalIDString = 484A345F2E32E81500020B84;
			remoteInfo = Bridget;
		};
/* End PBXContainerItemProxy section */

/* Begin PBXFileReference section */
		484A34602E32E81500020B84 /* Bridget.app */ = {isa = PBXFileReference; explicitFileType = wrapper.application; includeInIndex = 0; path = Bridget.app; sourceTree = BUILT_PRODUCTS_DIR; };
		484A346F2E32E81600020B84 /* BridgetTests.xctest */ = {isa = PBXFileReference; explicitFileType = wrapper.cfbundle; includeInIndex = 0; path = BridgetTests.xctest; sourceTree = BUILT_PRODUCTS_DIR; };
		484A34792E32E81600020B84 /* BridgetUITests.xctest */ = {isa = PBXFileReference; explicitFileType = wrapper.cfbundle; includeInIndex = 0; path = BridgetUITests.xctest; sourceTree = BUILT_PRODUCTS_DIR; };
		484A34902E32E8B100020B84 /* SwiftData.framework */ = {isa = PBXFileReference; lastKnownFileType = wrapper.framework; name = SwiftData.framework; path = System/Library/Frameworks/SwiftData.framework; sourceTree = SDKROOT; };
		484A34922E32E8BC00020B84 /* MapKit.framework */ = {isa = PBXFileReference; lastKnownFileType = wrapper.framework; name = MapKit.framework; path = System/Library/Frameworks/MapKit.framework; sourceTree = SDKROOT; };
		484A34942E32E8C400020B84 /* CoreML.framework */ = {isa = PBXFileReference; lastKnownFileType = wrapper.framework; name = CoreML.framework; path = System/Library/Frameworks/CoreML.framework; sourceTree = SDKROOT; };
		484A34962E32E8D400020B84 /* Accelerate.framework */ = {isa = PBXFileReference; lastKnownFileType = wrapper.framework; name = Accelerate.framework; path = System/Library/Frameworks/Accelerate.framework; sourceTree = SDKROOT; };
		484A34982E32E8E800020B84 /* libswiftObservation.tbd */ = {isa = PBXFileReference; lastKnownFileType = "sourcecode.text-based-dylib-definition"; name = libswiftObservation.tbd; path = usr/lib/swift/libswiftObservation.tbd; sourceTree = SDKROOT; };
/* End PBXFileReference section */

/* Begin PBXFileSystemSynchronizedBuildFileExceptionSet section */
		484A348D2E32E85F00020B84 /* Exceptions for "Bridget" folder in "Bridget" target */ = {
			isa = PBXFileSystemSynchronizedBuildFileExceptionSet;
			membershipExceptions = (
				Info.plist,
			);
			target = 484A345F2E32E81500020B84 /* Bridget */;
		};
/* End PBXFileSystemSynchronizedBuildFileExceptionSet section */

/* Begin PBXFileSystemSynchronizedRootGroup section */
		484A34622E32E81500020B84 /* Bridget */ = {
			isa = PBXFileSystemSynchronizedRootGroup;
			exceptions = (
				484A348D2E32E85F00020B84 /* Exceptions for "Bridget" folder in "Bridget" target */,
			);
			path = Bridget;
			sourceTree = "<group>";
		};
		484A34722E32E81600020B84 /* BridgetTests */ = {
			isa = PBXFileSystemSynchronizedRootGroup;
			path = BridgetTests;
			sourceTree = "<group>";
		};
		484A347C2E32E81600020B84 /* BridgetUITests */ = {
			isa = PBXFileSystemSynchronizedRootGroup;
			path = BridgetUITests;
			sourceTree = "<group>";
		};
/* End PBXFileSystemSynchronizedRootGroup section */

/* Begin PBXFrameworksBuildPhase section */
		484A345D2E32E81500020B84 /* Frameworks */ = {
			isa = PBXFrameworksBuildPhase;
			buildActionMask = 2147483647;
			files = (
				484A34932E32E8BC00020B84 /* MapKit.framework in Frameworks */,
				484A34972E32E8D400020B84 /* Accelerate.framework in Frameworks */,
				484A34912E32E8B100020B84 /* SwiftData.framework in Frameworks */,
				484A34952E32E8C400020B84 /* CoreML.framework in Frameworks */,
			);
			runOnlyForDeploymentPostprocessing = 0;
		};
		484A346C2E32E81600020B84 /* Frameworks */ = {
			isa = PBXFrameworksBuildPhase;
			buildActionMask = 2147483647;
			files = (
			);
			runOnlyForDeploymentPostprocessing = 0;
		};
		484A34762E32E81600020B84 /* Frameworks */ = {
			isa = PBXFrameworksBuildPhase;
			buildActionMask = 2147483647;
			files = (
			);
			runOnlyForDeploymentPostprocessing = 0;
		};
/* End PBXFrameworksBuildPhase section */

/* Begin PBXGroup section */
		484A34572E32E81500020B84 = {
			isa = PBXGroup;
			children = (
				484A34622E32E81500020B84 /* Bridget */,
				484A34722E32E81600020B84 /* BridgetTests */,
				484A347C2E32E81600020B84 /* BridgetUITests */,
				484A348F2E32E8B100020B84 /* Frameworks */,
				484A34612E32E81500020B84 /* Products */,
			);
			sourceTree = "<group>";
		};
		484A34612E32E81500020B84 /* Products */ = {
			isa = PBXGroup;
			children = (
				484A34602E32E81500020B84 /* Bridget.app */,
				484A346F2E32E81600020B84 /* BridgetTests.xctest */,
				484A34792E32E81600020B84 /* BridgetUITests.xctest */,
			);
			name = Products;
			sourceTree = "<group>";
		};
		484A348F2E32E8B100020B84 /* Frameworks */ = {
			isa = PBXGroup;
			children = (
				484A34982E32E8E800020B84 /* libswiftObservation.tbd */,
				484A34962E32E8D400020B84 /* Accelerate.framework */,
				484A34942E32E8C400020B84 /* CoreML.framework */,
				484A34922E32E8BC00020B84 /* MapKit.framework */,
				484A34902E32E8B100020B84 /* SwiftData.framework */,
			);
			name = Frameworks;
			sourceTree = "<group>";
		};
/* End PBXGroup section */

/* Begin PBXNativeTarget section */
		484A345F2E32E81500020B84 /* Bridget */ = {
			isa = PBXNativeTarget;
			buildConfigurationList = 484A34832E32E81600020B84 /* Build configuration list for PBXNativeTarget "Bridget" */;
			buildPhases = (
				484A345C2E32E81500020B84 /* Sources */,
				484A345D2E32E81500020B84 /* Frameworks */,
				484A345E2E32E81500020B84 /* Resources */,
			);
			buildRules = (
			);
			dependencies = (
			);
			fileSystemSynchronizedGroups = (
				484A34622E32E81500020B84 /* Bridget */,
			);
			name = Bridget;
			packageProductDependencies = (
			);
			productName = Bridget;
			productReference = 484A34602E32E81500020B84 /* Bridget.app */;
			productType = "com.apple.product-type.application";
		};
		484A346E2E32E81600020B84 /* BridgetTests */ = {
			isa = PBXNativeTarget;
			buildConfigurationList = 484A34862E32E81600020B84 /* Build configuration list for PBXNativeTarget "BridgetTests" */;
			buildPhases = (
				484A346B2E32E81600020B84 /* Sources */,
				484A346C2E32E81600020B84 /* Frameworks */,
				484A346D2E32E81600020B84 /* Resources */,
			);
			buildRules = (
			);
			dependencies = (
				484A34712E32E81600020B84 /* PBXTargetDependency */,
			);
			fileSystemSynchronizedGroups = (
				484A34722E32E81600020B84 /* BridgetTests */,
			);
			name = BridgetTests;
			packageProductDependencies = (
			);
			productName = BridgetTests;
			productReference = 484A346F2E32E81600020B84 /* BridgetTests.xctest */;
			productType = "com.apple.product-type.bundle.unit-test";
		};
		484A34782E32E81600020B84 /* BridgetUITests */ = {
			isa = PBXNativeTarget;
			buildConfigurationList = 484A34892E32E81600020B84 /* Build configuration list for PBXNativeTarget "BridgetUITests" */;
			buildPhases = (
				484A34752E32E81600020B84 /* Sources */,
				484A34762E32E81600020B84 /* Frameworks */,
				484A34772E32E81600020B84 /* Resources */,
			);
			buildRules = (
			);
			dependencies = (
				484A347B2E32E81600020B84 /* PBXTargetDependency */,
			);
			fileSystemSynchronizedGroups = (
				484A347C2E32E81600020B84 /* BridgetUITests */,
			);
			name = BridgetUITests;
			packageProductDependencies = (
			);
			productName = BridgetUITests;
			productReference = 484A34792E32E81600020B84 /* BridgetUITests.xctest */;
			productType = "com.apple.product-type.bundle.ui-testing";
		};
/* End PBXNativeTarget section */

/* Begin PBXProject section */
		484A34582E32E81500020B84 /* Project object */ = {
			isa = PBXProject;
			attributes = {
				BuildIndependentTargetsInParallel = 1;
				LastSwiftUpdateCheck = 1640;
				LastUpgradeCheck = 1640;
				TargetAttributes = {
					484A345F2E32E81500020B84 = {
						CreatedOnToolsVersion = 16.4;
					};
					484A346E2E32E81600020B84 = {
						CreatedOnToolsVersion = 16.4;
						TestTargetID = 484A345F2E32E81500020B84;
					};
					484A34782E32E81600020B84 = {
						CreatedOnToolsVersion = 16.4;
						TestTargetID = 484A345F2E32E81500020B84;
					};
				};
			};
			buildConfigurationList = 484A345B2E32E81500020B84 /* Build configuration list for PBXProject "Bridget" */;
			developmentRegion = en;
			hasScannedForEncodings = 0;
			knownRegions = (
				en,
				Base,
			);
			mainGroup = 484A34572E32E81500020B84;
			minimizedProjectReferenceProxies = 1;
			preferredProjectObjectVersion = 77;
			productRefGroup = 484A34612E32E81500020B84 /* Products */;
			projectDirPath = "";
			projectRoot = "";
			targets = (
				484A345F2E32E81500020B84 /* Bridget */,
				484A346E2E32E81600020B84 /* BridgetTests */,
				484A34782E32E81600020B84 /* BridgetUITests */,
			);
		};
/* End PBXProject section */

/* Begin PBXResourcesBuildPhase section */
		484A345E2E32E81500020B84 /* Resources */ = {
			isa = PBXResourcesBuildPhase;
			buildActionMask = 2147483647;
			files = (
			);
			runOnlyForDeploymentPostprocessing = 0;
		};
		484A346D2E32E81600020B84 /* Resources */ = {
			isa = PBXResourcesBuildPhase;
			buildActionMask = 2147483647;
			files = (
			);
			runOnlyForDeploymentPostprocessing = 0;
		};
		484A34772E32E81600020B84 /* Resources */ = {
			isa = PBXResourcesBuildPhase;
			buildActionMask = 2147483647;
			files = (
			);
			runOnlyForDeploymentPostprocessing = 0;
		};
/* End PBXResourcesBuildPhase section */

/* Begin PBXSourcesBuildPhase section */
		484A345C2E32E81500020B84 /* Sources */ = {
			isa = PBXSourcesBuildPhase;
			buildActionMask = 2147483647;
			files = (
			);
			runOnlyForDeploymentPostprocessing = 0;
		};
		484A346B2E32E81600020B84 /* Sources */ = {
			isa = PBXSourcesBuildPhase;
			buildActionMask = 2147483647;
			files = (
			);
			runOnlyForDeploymentPostprocessing = 0;
		};
		484A34752E32E81600020B84 /* Sources */ = {
			isa = PBXSourcesBuildPhase;
			buildActionMask = 2147483647;
			files = (
			);
			runOnlyForDeploymentPostprocessing = 0;
		};
/* End PBXSourcesBuildPhase section */

/* Begin PBXTargetDependency section */
		484A34712E32E81600020B84 /* PBXTargetDependency */ = {
			isa = PBXTargetDependency;
			target = 484A345F2E32E81500020B84 /* Bridget */;
			targetProxy = 484A34702E32E81600020B84 /* PBXContainerItemProxy */;
		};
		484A347B2E32E81600020B84 /* PBXTargetDependency */ = {
			isa = PBXTargetDependency;
			target = 484A345F2E32E81500020B84 /* Bridget */;
			targetProxy = 484A347A2E32E81600020B84 /* PBXContainerItemProxy */;
		};
/* End PBXTargetDependency section */

/* Begin XCBuildConfiguration section */
		484A34812E32E81600020B84 /* Debug */ = {
			isa = XCBuildConfiguration;
			buildSettings = {
				ALWAYS_SEARCH_USER_PATHS = NO;
				ASSETCATALOG_COMPILER_GENERATE_SWIFT_ASSET_SYMBOL_EXTENSIONS = YES;
				CLANG_ANALYZER_NONNULL = YES;
				CLANG_ANALYZER_NUMBER_OBJECT_CONVERSION = YES_AGGRESSIVE;
				CLANG_CXX_LANGUAGE_STANDARD = "gnu++20";
				CLANG_ENABLE_MODULES = YES;
				CLANG_ENABLE_OBJC_ARC = YES;
				CLANG_ENABLE_OBJC_WEAK = YES;
				CLANG_WARN_BLOCK_CAPTURE_AUTORELEASING = YES;
				CLANG_WARN_BOOL_CONVERSION = YES;
				CLANG_WARN_COMMA = YES;
				CLANG_WARN_CONSTANT_CONVERSION = YES;
				CLANG_WARN_DEPRECATED_OBJC_IMPLEMENTATIONS = YES;
				CLANG_WARN_DIRECT_OBJC_ISA_USAGE = YES_ERROR;
				CLANG_WARN_DOCUMENTATION_COMMENTS = YES;
				CLANG_WARN_EMPTY_BODY = YES;
				CLANG_WARN_ENUM_CONVERSION = YES;
				CLANG_WARN_INFINITE_RECURSION = YES;
				CLANG_WARN_INT_CONVERSION = YES;
				CLANG_WARN_NON_LITERAL_NULL_CONVERSION = YES;
				CLANG_WARN_OBJC_IMPLICIT_RETAIN_SELF = YES;
				CLANG_WARN_OBJC_LITERAL_CONVERSION = YES;
				CLANG_WARN_OBJC_ROOT_CLASS = YES_ERROR;
				CLANG_WARN_QUOTED_INCLUDE_IN_FRAMEWORK_HEADER = YES;
				CLANG_WARN_RANGE_LOOP_ANALYSIS = YES;
				CLANG_WARN_STRICT_PROTOTYPES = YES;
				CLANG_WARN_SUSPICIOUS_MOVE = YES;
				CLANG_WARN_UNGUARDED_AVAILABILITY = YES_AGGRESSIVE;
				CLANG_WARN_UNREACHABLE_CODE = YES;
				CLANG_WARN__DUPLICATE_METHOD_MATCH = YES;
				COPY_PHASE_STRIP = NO;
				DEBUG_INFORMATION_FORMAT = dwarf;
				DEVELOPMENT_TEAM = J5QAN9636K;
				ENABLE_STRICT_OBJC_MSGSEND = YES;
				ENABLE_TESTABILITY = YES;
				ENABLE_USER_SCRIPT_SANDBOXING = YES;
				GCC_C_LANGUAGE_STANDARD = gnu17;
				GCC_DYNAMIC_NO_PIC = NO;
				GCC_NO_COMMON_BLOCKS = YES;
				GCC_OPTIMIZATION_LEVEL = 0;
				GCC_PREPROCESSOR_DEFINITIONS = (
					"DEBUG=1",
					"$(inherited)",
				);
				GCC_WARN_64_TO_32_BIT_CONVERSION = YES;
				GCC_WARN_ABOUT_RETURN_TYPE = YES_ERROR;
				GCC_WARN_UNDECLARED_SELECTOR = YES;
				GCC_WARN_UNINITIALIZED_AUTOS = YES_AGGRESSIVE;
				GCC_WARN_UNUSED_FUNCTION = YES;
				GCC_WARN_UNUSED_VARIABLE = YES;
				IPHONEOS_DEPLOYMENT_TARGET = 18.5;
				LOCALIZATION_PREFERS_STRING_CATALOGS = YES;
				MTL_ENABLE_DEBUG_INFO = INCLUDE_SOURCE;
				MTL_FAST_MATH = YES;
				ONLY_ACTIVE_ARCH = YES;
				SDKROOT = iphoneos;
				SWIFT_ACTIVE_COMPILATION_CONDITIONS = "DEBUG $(inherited)";
				SWIFT_OPTIMIZATION_LEVEL = "-Onone";
			};
			name = Debug;
		};
		484A34822E32E81600020B84 /* Release */ = {
			isa = XCBuildConfiguration;
			buildSettings = {
				ALWAYS_SEARCH_USER_PATHS = NO;
				ASSETCATALOG_COMPILER_GENERATE_SWIFT_ASSET_SYMBOL_EXTENSIONS = YES;
				CLANG_ANALYZER_NONNULL = YES;
				CLANG_ANALYZER_NUMBER_OBJECT_CONVERSION = YES_AGGRESSIVE;
				CLANG_CXX_LANGUAGE_STANDARD = "gnu++20";
				CLANG_ENABLE_MODULES = YES;
				CLANG_ENABLE_OBJC_ARC = YES;
				CLANG_ENABLE_OBJC_WEAK = YES;
				CLANG_WARN_BLOCK_CAPTURE_AUTORELEASING = YES;
				CLANG_WARN_BOOL_CONVERSION = YES;
				CLANG_WARN_COMMA = YES;
				CLANG_WARN_CONSTANT_CONVERSION = YES;
				CLANG_WARN_DEPRECATED_OBJC_IMPLEMENTATIONS = YES;
				CLANG_WARN_DIRECT_OBJC_ISA_USAGE = YES_ERROR;
				CLANG_WARN_DOCUMENTATION_COMMENTS = YES;
				CLANG_WARN_EMPTY_BODY = YES;
				CLANG_WARN_ENUM_CONVERSION = YES;
				CLANG_WARN_INFINITE_RECURSION = YES;
				CLANG_WARN_INT_CONVERSION = YES;
				CLANG_WARN_NON_LITERAL_NULL_CONVERSION = YES;
				CLANG_WARN_OBJC_IMPLICIT_RETAIN_SELF = YES;
				CLANG_WARN_OBJC_LITERAL_CONVERSION = YES;
				CLANG_WARN_OBJC_ROOT_CLASS = YES_ERROR;
				CLANG_WARN_QUOTED_INCLUDE_IN_FRAMEWORK_HEADER = YES;
				CLANG_WARN_RANGE_LOOP_ANALYSIS = YES;
				CLANG_WARN_STRICT_PROTOTYPES = YES;
				CLANG_WARN_SUSPICIOUS_MOVE = YES;
				CLANG_WARN_UNGUARDED_AVAILABILITY = YES_AGGRESSIVE;
				CLANG_WARN_UNREACHABLE_CODE = YES;
				CLANG_WARN__DUPLICATE_METHOD_MATCH = YES;
				COPY_PHASE_STRIP = NO;
				DEBUG_INFORMATION_FORMAT = "dwarf-with-dsym";
				DEVELOPMENT_TEAM = J5QAN9636K;
				ENABLE_NS_ASSERTIONS = NO;
				ENABLE_STRICT_OBJC_MSGSEND = YES;
				ENABLE_USER_SCRIPT_SANDBOXING = YES;
				GCC_C_LANGUAGE_STANDARD = gnu17;
				GCC_NO_COMMON_BLOCKS = YES;
				GCC_WARN_64_TO_32_BIT_CONVERSION = YES;
				GCC_WARN_ABOUT_RETURN_TYPE = YES_ERROR;
				GCC_WARN_UNDECLARED_SELECTOR = YES;
				GCC_WARN_UNINITIALIZED_AUTOS = YES_AGGRESSIVE;
				GCC_WARN_UNUSED_FUNCTION = YES;
				GCC_WARN_UNUSED_VARIABLE = YES;
				IPHONEOS_DEPLOYMENT_TARGET = 18.5;
				LOCALIZATION_PREFERS_STRING_CATALOGS = YES;
				MTL_ENABLE_DEBUG_INFO = NO;
				MTL_FAST_MATH = YES;
				SDKROOT = iphoneos;
				SWIFT_COMPILATION_MODE = wholemodule;
				VALIDATE_PRODUCT = YES;
			};
			name = Release;
		};
		484A34842E32E81600020B84 /* Debug */ = {
			isa = XCBuildConfiguration;
			buildSettings = {
				ASSETCATALOG_COMPILER_APPICON_NAME = AppIcon;
				ASSETCATALOG_COMPILER_GLOBAL_ACCENT_COLOR_NAME = AccentColor;
				CODE_SIGN_ENTITLEMENTS = Bridget/Bridget.entitlements;
				CODE_SIGN_STYLE = Automatic;
				CURRENT_PROJECT_VERSION = 1;
				DEVELOPMENT_TEAM = J5QAN9636K;
				ENABLE_PREVIEWS = YES;
				GENERATE_INFOPLIST_FILE = YES;
				INFOPLIST_FILE = Bridget/Info.plist;
				INFOPLIST_KEY_UIApplicationSceneManifest_Generation = YES;
				INFOPLIST_KEY_UIApplicationSupportsIndirectInputEvents = YES;
				INFOPLIST_KEY_UILaunchScreen_Generation = YES;
				INFOPLIST_KEY_UISupportedInterfaceOrientations_iPad = "UIInterfaceOrientationPortrait UIInterfaceOrientationPortraitUpsideDown UIInterfaceOrientationLandscapeLeft UIInterfaceOrientationLandscapeRight";
				INFOPLIST_KEY_UISupportedInterfaceOrientations_iPhone = "UIInterfaceOrientationPortrait UIInterfaceOrientationLandscapeLeft UIInterfaceOrientationLandscapeRight";
				LD_RUNPATH_SEARCH_PATHS = (
					"$(inherited)",
					"@executable_path/Frameworks",
				);
				MARKETING_VERSION = 1.0;
				PRODUCT_BUNDLE_IDENTIFIER = com.peterjemley.Bridget;
				PRODUCT_NAME = "$(TARGET_NAME)";
				SWIFT_EMIT_LOC_STRINGS = YES;
				SWIFT_VERSION = 5.0;
				TARGETED_DEVICE_FAMILY = "1,2";
			};
			name = Debug;
		};
		484A34852E32E81600020B84 /* Release */ = {
			isa = XCBuildConfiguration;
			buildSettings = {
				ASSETCATALOG_COMPILER_APPICON_NAME = AppIcon;
				ASSETCATALOG_COMPILER_GLOBAL_ACCENT_COLOR_NAME = AccentColor;
				CODE_SIGN_ENTITLEMENTS = Bridget/Bridget.entitlements;
				CODE_SIGN_STYLE = Automatic;
				CURRENT_PROJECT_VERSION = 1;
				DEVELOPMENT_TEAM = J5QAN9636K;
				ENABLE_PREVIEWS = YES;
				GENERATE_INFOPLIST_FILE = YES;
				INFOPLIST_FILE = Bridget/Info.plist;
				INFOPLIST_KEY_UIApplicationSceneManifest_Generation = YES;
				INFOPLIST_KEY_UIApplicationSupportsIndirectInputEvents = YES;
				INFOPLIST_KEY_UILaunchScreen_Generation = YES;
				INFOPLIST_KEY_UISupportedInterfaceOrientations_iPad = "UIInterfaceOrientationPortrait UIInterfaceOrientationPortraitUpsideDown UIInterfaceOrientationLandscapeLeft UIInterfaceOrientationLandscapeRight";
				INFOPLIST_KEY_UISupportedInterfaceOrientations_iPhone = "UIInterfaceOrientationPortrait UIInterfaceOrientationLandscapeLeft UIInterfaceOrientationLandscapeRight";
				LD_RUNPATH_SEARCH_PATHS = (
					"$(inherited)",
					"@executable_path/Frameworks",
				);
				MARKETING_VERSION = 1.0;
				PRODUCT_BUNDLE_IDENTIFIER = com.peterjemley.Bridget;
				PRODUCT_NAME = "$(TARGET_NAME)";
				SWIFT_EMIT_LOC_STRINGS = YES;
				SWIFT_VERSION = 5.0;
				TARGETED_DEVICE_FAMILY = "1,2";
			};
			name = Release;
		};
		484A34872E32E81600020B84 /* Debug */ = {
			isa = XCBuildConfiguration;
			buildSettings = {
				BUNDLE_LOADER = "$(TEST_HOST)";
				CODE_SIGN_STYLE = Automatic;
				CURRENT_PROJECT_VERSION = 1;
				DEVELOPMENT_TEAM = J5QAN9636K;
				GENERATE_INFOPLIST_FILE = YES;
				IPHONEOS_DEPLOYMENT_TARGET = 18.5;
				MARKETING_VERSION = 1.0;
				PRODUCT_BUNDLE_IDENTIFIER = com.peterjemley.BridgetTests;
				PRODUCT_NAME = "$(TARGET_NAME)";
				SWIFT_EMIT_LOC_STRINGS = NO;
				SWIFT_VERSION = 5.0;
				TARGETED_DEVICE_FAMILY = "1,2";
				TEST_HOST = "$(BUILT_PRODUCTS_DIR)/Bridget.app/$(BUNDLE_EXECUTABLE_FOLDER_PATH)/Bridget";
			};
			name = Debug;
		};
		484A34882E32E81600020B84 /* Release */ = {
			isa = XCBuildConfiguration;
			buildSettings = {
				BUNDLE_LOADER = "$(TEST_HOST)";
				CODE_SIGN_STYLE = Automatic;
				CURRENT_PROJECT_VERSION = 1;
				DEVELOPMENT_TEAM = J5QAN9636K;
				GENERATE_INFOPLIST_FILE = YES;
				IPHONEOS_DEPLOYMENT_TARGET = 18.5;
				MARKETING_VERSION = 1.0;
				PRODUCT_BUNDLE_IDENTIFIER = com.peterjemley.BridgetTests;
				PRODUCT_NAME = "$(TARGET_NAME)";
				SWIFT_EMIT_LOC_STRINGS = NO;
				SWIFT_VERSION = 5.0;
				TARGETED_DEVICE_FAMILY = "1,2";
				TEST_HOST = "$(BUILT_PRODUCTS_DIR)/Bridget.app/$(BUNDLE_EXECUTABLE_FOLDER_PATH)/Bridget";
			};
			name = Release;
		};
		484A348A2E32E81600020B84 /* Debug */ = {
			isa = XCBuildConfiguration;
			buildSettings = {
				CODE_SIGN_STYLE = Automatic;
				CURRENT_PROJECT_VERSION = 1;
				DEVELOPMENT_TEAM = J5QAN9636K;
				GENERATE_INFOPLIST_FILE = YES;
				MARKETING_VERSION = 1.0;
				PRODUCT_BUNDLE_IDENTIFIER = com.peterjemley.BridgetUITests;
				PRODUCT_NAME = "$(TARGET_NAME)";
				SWIFT_EMIT_LOC_STRINGS = NO;
				SWIFT_VERSION = 5.0;
				TARGETED_DEVICE_FAMILY = "1,2";
				TEST_TARGET_NAME = Bridget;
			};
			name = Debug;
		};
		484A348B2E32E81600020B84 /* Release */ = {
			isa = XCBuildConfiguration;
			buildSettings = {
				CODE_SIGN_STYLE = Automatic;
				CURRENT_PROJECT_VERSION = 1;
				DEVELOPMENT_TEAM = J5QAN9636K;
				GENERATE_INFOPLIST_FILE = YES;
				MARKETING_VERSION = 1.0;
				PRODUCT_BUNDLE_IDENTIFIER = com.peterjemley.BridgetUITests;
				PRODUCT_NAME = "$(TARGET_NAME)";
				SWIFT_EMIT_LOC_STRINGS = NO;
				SWIFT_VERSION = 5.0;
				TARGETED_DEVICE_FAMILY = "1,2";
				TEST_TARGET_NAME = Bridget;
			};
			name = Release;
		};
/* End XCBuildConfiguration section */

/* Begin XCConfigurationList section */
		484A345B2E32E81500020B84 /* Build configuration list for PBXProject "Bridget" */ = {
			isa = XCConfigurationList;
			buildConfigurations = (
				484A34812E32E81600020B84 /* Debug */,
				484A34822E32E81600020B84 /* Release */,
			);
			defaultConfigurationIsVisible = 0;
			defaultConfigurationName = Release;
		};
		484A34832E32E81600020B84 /* Build configuration list for PBXNativeTarget "Bridget" */ = {
			isa = XCConfigurationList;
			buildConfigurations = (
				484A34842E32E81600020B84 /* Debug */,
				484A34852E32E81600020B84 /* Release */,
			);
			defaultConfigurationIsVisible = 0;
			defaultConfigurationName = Release;
		};
		484A34862E32E81600020B84 /* Build configuration list for PBXNativeTarget "BridgetTests" */ = {
			isa = XCConfigurationList;
			buildConfigurations = (
				484A34872E32E81600020B84 /* Debug */,
				484A34882E32E81600020B84 /* Release */,
			);
			defaultConfigurationIsVisible = 0;
			defaultConfigurationName = Release;
		};
		484A34892E32E81600020B84 /* Build configuration list for PBXNativeTarget "BridgetUITests" */ = {
			isa = XCConfigurationList;
			buildConfigurations = (
				484A348A2E32E81600020B84 /* Debug */,
				484A348B2E32E81600020B84 /* Release */,
			);
			defaultConfigurationIsVisible = 0;
			defaultConfigurationName = Release;
		};
/* End XCConfigurationList section */
	};
	rootObject = 484A34582E32E81500020B84 /* Project object */;
}
